
Microsoft Visual Studio Solution File, Format Version 12.00
# Visual Studio Version 17
VisualStudioVersion = 17.3.32929.385
MinimumVisualStudioVersion = 10.0.40219.1
Project("{9A19103F-16F7-4668-BE54-9A1E7A4F7556}") = "MediMonitor", "MediMonitor\MediMonitor.csproj", "{5FA2CF1F-4D65-4D01-A97A-73670298614E}"
EndProject
Project("{9A19103F-16F7-4668-BE54-9A1E7A4F7556}") = "FontAwesome", "FontAwesome\FontAwesome.csproj", "{53E4B8FB-7750-4999-A648-DCB35D56F7AF}"
EndProject
Project("{9A19103F-16F7-4668-BE54-9A1E7A4F7556}") = "MediMonitor.Service", "MediMonitor.Service\MediMonitor.Service.csproj", "{E467EC81-9785-49BB-943F-0973230930D9}"
EndProject
Global
	GlobalSection(SolutionConfigurationPlatforms) = preSolution
		Debug|Any CPU = Debug|Any CPU
		Release|Any CPU = Release|Any CPU
	EndGlobalSection
	GlobalSection(ProjectConfigurationPlatforms) = postSolution
		{5FA2CF1F-4D65-4D01-A97A-73670298614E}.Debug|Any CPU.ActiveCfg = Debug|Any CPU
		{5FA2CF1F-4D65-4D01-A97A-73670298614E}.Debug|Any CPU.Build.0 = Debug|Any CPU
		{5FA2CF1F-4D65-4D01-A97A-73670298614E}.Debug|Any CPU.Deploy.0 = Debug|Any CPU
		{5FA2CF1F-4D65-4D01-A97A-73670298614E}.Release|Any CPU.ActiveCfg = Release|Any CPU
		{5FA2CF1F-4D65-4D01-A97A-73670298614E}.Release|Any CPU.Build.0 = Release|Any CPU
		{53E4B8FB-7750-4999-A648-DCB35D56F7AF}.Debug|Any CPU.ActiveCfg = Debug|Any CPU
		{53E4B8FB-7750-4999-A648-DCB35D56F7AF}.Debug|Any CPU.Build.0 = Debug|Any CPU
		{53E4B8FB-7750-4999-A648-DCB35D56F7AF}.Release|Any CPU.ActiveCfg = Release|Any CPU
		{53E4B8FB-7750-4999-A648-DCB35D56F7AF}.Release|Any CPU.Build.0 = Release|Any CPU
		{E467EC81-9785-49BB-943F-0973230930D9}.Debug|Any CPU.ActiveCfg = Debug|Any CPU
		{E467EC81-9785-49BB-943F-0973230930D9}.Debug|Any CPU.Build.0 = Debug|Any CPU
		{E467EC81-9785-49BB-943F-0973230930D9}.Release|Any CPU.ActiveCfg = Release|Any CPU
		{E467EC81-9785-49BB-943F-0973230930D9}.Release|Any CPU.Build.0 = Release|Any CPU
	EndGlobalSection
	GlobalSection(SolutionProperties) = preSolution
		HideSolutionNode = FALSE
	EndGlobalSection
	GlobalSection(ExtensibilityGlobals) = postSolution
		SolutionGuid = {CF539E9A-5E2B-472C-8163-CC4FE1FE4262}
	EndGlobalSection
EndGlobal
